
Microsoft Visual Studio Solution File, Format Version 12.00
# Visual Studio Version 16
VisualStudioVersion = 16.0.30002.166
MinimumVisualStudioVersion = 10.0.40219.1
Project("{9A19103F-16F7-4668-BE54-9A1E7A4F7556}") = "Fibonacci", "src\Fibonacci.csproj", "{A86DC798-98C7-4495-B87C-8D013EF7DFA2}"
EndProject
Global
	GlobalSection(SolutionConfigurationPlatforms) = preSolution
		Debug|Any CPU = Debug|Any CPU
		Release|Any CPU = Release|Any CPU
	EndGlobalSection
	GlobalSection(ProjectConfigurationPlatforms) = postSolution
		{A86DC798-98C7-4495-B87C-8D013EF7DFA2}.Debug|Any CPU.ActiveCfg = Debug|Any CPU
		{A86DC798-98C7-4495-B87C-8D013EF7DFA2}.Debug|Any CPU.Build.0 = Debug|Any CPU
		{A86DC798-98C7-4495-B87C-8D013EF7DFA2}.Release|Any CPU.ActiveCfg = Release|Any CPU
		{A86DC798-98C7-4495-B87C-8D013EF7DFA2}.Release|Any CPU.Build.0 = Release|Any CPU
	EndGlobalSection
	GlobalSection(SolutionProperties) = preSolution
		HideSolutionNode = FALSE
	EndGlobalSection
	GlobalSection(ExtensibilityGlobals) = postSolution
		SolutionGuid = {05CEA928-6DEE-4FAB-AA66-6185251215EF}
	EndGlobalSection
EndGlobal
